// !$*UTF8*$!
{
	archiveVersion = 1;
	classes = {
	};
	objectVersion = 55;
	objects = {

/* Begin PBXBuildFile section */
		462C9827281B437E0083D11C /* Book.swift in Sources */ = {isa = PBXBuildFile; fileRef = 462C9826281B437E0083D11C /* Book.swift */; };
		462C982A281B44FF0083D11C /* BookListView.swift in Sources */ = {isa = PBXBuildFile; fileRef = 462C9829281B44FF0083D11C /* BookListView.swift */; };
		462C982C281B462A0083D11C /* BookRow.swift in Sources */ = {isa = PBXBuildFile; fileRef = 462C982B281B462A0083D11C /* BookRow.swift */; };
		462C9830281B53290083D11C /* BookDetail.swift in Sources */ = {isa = PBXBuildFile; fileRef = 462C982F281B53290083D11C /* BookDetail.swift */; };
		462C9835281B6E6B0083D11C /* BookRepository.swift in Sources */ = {isa = PBXBuildFile; fileRef = 462C9834281B6E6B0083D11C /* BookRepository.swift */; };
		462C9837281B6F140083D11C /* CartRepository.swift in Sources */ = {isa = PBXBuildFile; fileRef = 462C9836281B6F140083D11C /* CartRepository.swift */; };
		462C9839281B6FE80083D11C /* Cart.swift in Sources */ = {isa = PBXBuildFile; fileRef = 462C9838281B6FE80083D11C /* Cart.swift */; };
		462C983B281B71420083D11C /* CartRepositoryImpl.swift in Sources */ = {isa = PBXBuildFile; fileRef = 462C983A281B71420083D11C /* CartRepositoryImpl.swift */; };
		462C983D281B78C30083D11C /* Item.swift in Sources */ = {isa = PBXBuildFile; fileRef = 462C983C281B78C30083D11C /* Item.swift */; };
		462C983F281B7B510083D11C /* ServiceData.swift in Sources */ = {isa = PBXBuildFile; fileRef = 462C983E281B7B510083D11C /* ServiceData.swift */; };
		462C9842281B7DFE0083D11C /* BookRepositoryImpl.swift in Sources */ = {isa = PBXBuildFile; fileRef = 462C9841281B7DFE0083D11C /* BookRepositoryImpl.swift */; };
		462C9844281B85D40083D11C /* BookListViewModel.swift in Sources */ = {isa = PBXBuildFile; fileRef = 462C9843281B85D40083D11C /* BookListViewModel.swift */; };
		462C9846281BA6E80083D11C /* BookDetailGenre.swift in Sources */ = {isa = PBXBuildFile; fileRef = 462C9845281BA6E80083D11C /* BookDetailGenre.swift */; };
		462C9848281BACB70083D11C /* BookDetailViewModel.swift in Sources */ = {isa = PBXBuildFile; fileRef = 462C9847281BACB70083D11C /* BookDetailViewModel.swift */; };
		468FD96E281F21E1000A7E1A /* CartView.swift in Sources */ = {isa = PBXBuildFile; fileRef = 468FD96D281F21E1000A7E1A /* CartView.swift */; };
		46ACBDF9281F8DE80032B7F9 /* CartViewModel.swift in Sources */ = {isa = PBXBuildFile; fileRef = 46ACBDF8281F8DE80032B7F9 /* CartViewModel.swift */; };
		46D547F62819F46E006432AC /* booksApp.swift in Sources */ = {isa = PBXBuildFile; fileRef = 46D547F52819F46E006432AC /* booksApp.swift */; };
		46D547F82819F46E006432AC /* BookDetailView.swift in Sources */ = {isa = PBXBuildFile; fileRef = 46D547F72819F46E006432AC /* BookDetailView.swift */; };
		46D547FA2819F471006432AC /* Assets.xcassets in Resources */ = {isa = PBXBuildFile; fileRef = 46D547F92819F471006432AC /* Assets.xcassets */; };
		46D547FD2819F471006432AC /* Preview Assets.xcassets in Resources */ = {isa = PBXBuildFile; fileRef = 46D547FC2819F471006432AC /* Preview Assets.xcassets */; };
/* End PBXBuildFile section */

/* Begin PBXFileReference section */
		462C9826281B437E0083D11C /* Book.swift */ = {isa = PBXFileReference; lastKnownFileType = sourcecode.swift; path = Book.swift; sourceTree = "<group>"; };
		462C9829281B44FF0083D11C /* BookListView.swift */ = {isa = PBXFileReference; lastKnownFileType = sourcecode.swift; name = BookListView.swift; path = ../../../../../../BookListView.swift; sourceTree = "<group>"; };
		462C982B281B462A0083D11C /* BookRow.swift */ = {isa = PBXFileReference; lastKnownFileType = sourcecode.swift; path = BookRow.swift; sourceTree = "<group>"; };
		462C982F281B53290083D11C /* BookDetail.swift */ = {isa = PBXFileReference; lastKnownFileType = sourcecode.swift; path = BookDetail.swift; sourceTree = "<group>"; };
		462C9834281B6E6B0083D11C /* BookRepository.swift */ = {isa = PBXFileReference; lastKnownFileType = sourcecode.swift; path = BookRepository.swift; sourceTree = "<group>"; };
		462C9836281B6F140083D11C /* CartRepository.swift */ = {isa = PBXFileReference; lastKnownFileType = sourcecode.swift; path = CartRepository.swift; sourceTree = "<group>"; };
		462C9838281B6FE80083D11C /* Cart.swift */ = {isa = PBXFileReference; lastKnownFileType = sourcecode.swift; path = Cart.swift; sourceTree = "<group>"; };
		462C983A281B71420083D11C /* CartRepositoryImpl.swift */ = {isa = PBXFileReference; lastKnownFileType = sourcecode.swift; path = CartRepositoryImpl.swift; sourceTree = "<group>"; };
		462C983C281B78C30083D11C /* Item.swift */ = {isa = PBXFileReference; lastKnownFileType = sourcecode.swift; path = Item.swift; sourceTree = "<group>"; };
		462C983E281B7B510083D11C /* ServiceData.swift */ = {isa = PBXFileReference; lastKnownFileType = sourcecode.swift; path = ServiceData.swift; sourceTree = "<group>"; };
		462C9841281B7DFE0083D11C /* BookRepositoryImpl.swift */ = {isa = PBXFileReference; lastKnownFileType = sourcecode.swift; path = BookRepositoryImpl.swift; sourceTree = "<group>"; };
		462C9843281B85D40083D11C /* BookListViewModel.swift */ = {isa = PBXFileReference; lastKnownFileType = sourcecode.swift; path = BookListViewModel.swift; sourceTree = "<group>"; };
		462C9845281BA6E80083D11C /* BookDetailGenre.swift */ = {isa = PBXFileReference; lastKnownFileType = sourcecode.swift; path = BookDetailGenre.swift; sourceTree = "<group>"; };
		462C9847281BACB70083D11C /* BookDetailViewModel.swift */ = {isa = PBXFileReference; lastKnownFileType = sourcecode.swift; path = BookDetailViewModel.swift; sourceTree = "<group>"; };
		468FD96D281F21E1000A7E1A /* CartView.swift */ = {isa = PBXFileReference; lastKnownFileType = sourcecode.swift; path = CartView.swift; sourceTree = "<group>"; };
		46ACBDF8281F8DE80032B7F9 /* CartViewModel.swift */ = {isa = PBXFileReference; lastKnownFileType = sourcecode.swift; path = CartViewModel.swift; sourceTree = "<group>"; };
		46D547F22819F46E006432AC /* books.app */ = {isa = PBXFileReference; explicitFileType = wrapper.application; includeInIndex = 0; path = books.app; sourceTree = BUILT_PRODUCTS_DIR; };
		46D547F52819F46E006432AC /* booksApp.swift */ = {isa = PBXFileReference; lastKnownFileType = sourcecode.swift; path = booksApp.swift; sourceTree = "<group>"; };
		46D547F72819F46E006432AC /* BookDetailView.swift */ = {isa = PBXFileReference; lastKnownFileType = sourcecode.swift; path = BookDetailView.swift; sourceTree = "<group>"; };
		46D547F92819F471006432AC /* Assets.xcassets */ = {isa = PBXFileReference; lastKnownFileType = folder.assetcatalog; path = Assets.xcassets; sourceTree = "<group>"; };
		46D547FC2819F471006432AC /* Preview Assets.xcassets */ = {isa = PBXFileReference; lastKnownFileType = folder.assetcatalog; path = "Preview Assets.xcassets"; sourceTree = "<group>"; };
/* End PBXFileReference section */

/* Begin PBXFrameworksBuildPhase section */
		46D547EF2819F46E006432AC /* Frameworks */ = {
			isa = PBXFrameworksBuildPhase;
			buildActionMask = 2147483647;
			files = (
			);
			runOnlyForDeploymentPostprocessing = 0;
		};
/* End PBXFrameworksBuildPhase section */

/* Begin PBXGroup section */
		462C9821281B421D0083D11C /* Domain */ = {
			isa = PBXGroup;
			children = (
				462C9833281B6E4B0083D11C /* data */,
				462C9831281B6DBB0083D11C /* entities */,
			);
			path = Domain;
			sourceTree = "<group>";
		};
		462C9822281B42260083D11C /* View */ = {
			isa = PBXGroup;
			children = (
				46A6EECD281C753800FB31E3 /* Cart */,
				462C9828281B44A30083D11C /* BookList */,
				462C9823281B424A0083D11C /* BookDetail */,
			);
			path = View;
			sourceTree = "<group>";
		};
		462C9823281B424A0083D11C /* BookDetail */ = {
			isa = PBXGroup;
			children = (
				46D547F72819F46E006432AC /* BookDetailView.swift */,
				462C9845281BA6E80083D11C /* BookDetailGenre.swift */,
				462C9847281BACB70083D11C /* BookDetailViewModel.swift */,
			);
			path = BookDetail;
			sourceTree = "<group>";
		};
		462C9828281B44A30083D11C /* BookList */ = {
			isa = PBXGroup;
			children = (
				462C9829281B44FF0083D11C /* BookListView.swift */,
				462C982B281B462A0083D11C /* BookRow.swift */,
				462C9843281B85D40083D11C /* BookListViewModel.swift */,
			);
			path = BookList;
			sourceTree = "<group>";
		};
		462C9831281B6DBB0083D11C /* entities */ = {
			isa = PBXGroup;
			children = (
				462C982F281B53290083D11C /* BookDetail.swift */,
				462C9826281B437E0083D11C /* Book.swift */,
				462C9838281B6FE80083D11C /* Cart.swift */,
				462C983C281B78C30083D11C /* Item.swift */,
			);
			path = entities;
			sourceTree = "<group>";
		};
		462C9832281B6DF90083D11C /* Data */ = {
			isa = PBXGroup;
			children = (
				462C9840281B7DDE0083D11C /* repository */,
				462C983E281B7B510083D11C /* ServiceData.swift */,
			);
			path = Data;
			sourceTree = "<group>";
		};
		462C9833281B6E4B0083D11C /* data */ = {
			isa = PBXGroup;
			children = (
				462C9834281B6E6B0083D11C /* BookRepository.swift */,
				462C9836281B6F140083D11C /* CartRepository.swift */,
			);
			path = data;
			sourceTree = "<group>";
		};
		462C9840281B7DDE0083D11C /* repository */ = {
			isa = PBXGroup;
			children = (
				462C983A281B71420083D11C /* CartRepositoryImpl.swift */,
				462C9841281B7DFE0083D11C /* BookRepositoryImpl.swift */,
			);
			path = repository;
			sourceTree = "<group>";
		};
		46A6EECD281C753800FB31E3 /* Cart */ = {
			isa = PBXGroup;
			children = (
				468FD96D281F21E1000A7E1A /* CartView.swift */,
				46ACBDF8281F8DE80032B7F9 /* CartViewModel.swift */,
			);
			path = Cart;
			sourceTree = "<group>";
		};
		46D547E92819F46E006432AC = {
			isa = PBXGroup;
			children = (
				46D547F42819F46E006432AC /* books */,
				46D547F32819F46E006432AC /* Products */,
			);
			sourceTree = "<group>";
		};
		46D547F32819F46E006432AC /* Products */ = {
			isa = PBXGroup;
			children = (
				46D547F22819F46E006432AC /* books.app */,
			);
			name = Products;
			sourceTree = "<group>";
		};
		46D547F42819F46E006432AC /* books */ = {
			isa = PBXGroup;
			children = (
				462C9832281B6DF90083D11C /* Data */,
				462C9822281B42260083D11C /* View */,
				462C9821281B421D0083D11C /* Domain */,
				46D547F52819F46E006432AC /* booksApp.swift */,
				46D547F92819F471006432AC /* Assets.xcassets */,
				46D547FB2819F471006432AC /* Preview Content */,
			);
			path = books;
			sourceTree = "<group>";
		};
		46D547FB2819F471006432AC /* Preview Content */ = {
			isa = PBXGroup;
			children = (
				46D547FC2819F471006432AC /* Preview Assets.xcassets */,
			);
			path = "Preview Content";
			sourceTree = "<group>";
		};
/* End PBXGroup section */

/* Begin PBXNativeTarget section */
		46D547F12819F46E006432AC /* books */ = {
			isa = PBXNativeTarget;
			buildConfigurationList = 46D548002819F471006432AC /* Build configuration list for PBXNativeTarget "books" */;
			buildPhases = (
				46D547EE2819F46E006432AC /* Sources */,
				46D547EF2819F46E006432AC /* Frameworks */,
				46D547F02819F46E006432AC /* Resources */,
			);
			buildRules = (
			);
			dependencies = (
			);
			name = books;
			productName = books;
			productReference = 46D547F22819F46E006432AC /* books.app */;
			productType = "com.apple.product-type.application";
		};
/* End PBXNativeTarget section */

/* Begin PBXProject section */
		46D547EA2819F46E006432AC /* Project object */ = {
			isa = PBXProject;
			attributes = {
				BuildIndependentTargetsInParallel = 1;
				LastSwiftUpdateCheck = 1330;
				LastUpgradeCheck = 1330;
				TargetAttributes = {
					46D547F12819F46E006432AC = {
						CreatedOnToolsVersion = 13.3;
					};
				};
			};
			buildConfigurationList = 46D547ED2819F46E006432AC /* Build configuration list for PBXProject "books" */;
			compatibilityVersion = "Xcode 13.0";
			developmentRegion = en;
			hasScannedForEncodings = 0;
			knownRegions = (
				en,
				Base,
			);
			mainGroup = 46D547E92819F46E006432AC;
			productRefGroup = 46D547F32819F46E006432AC /* Products */;
			projectDirPath = "";
			projectRoot = "";
			targets = (
				46D547F12819F46E006432AC /* books */,
			);
		};
/* End PBXProject section */

/* Begin PBXResourcesBuildPhase section */
		46D547F02819F46E006432AC /* Resources */ = {
			isa = PBXResourcesBuildPhase;
			buildActionMask = 2147483647;
			files = (
				46D547FD2819F471006432AC /* Preview Assets.xcassets in Resources */,
				46D547FA2819F471006432AC /* Assets.xcassets in Resources */,
			);
			runOnlyForDeploymentPostprocessing = 0;
		};
/* End PBXResourcesBuildPhase section */

/* Begin PBXSourcesBuildPhase section */
		46D547EE2819F46E006432AC /* Sources */ = {
			isa = PBXSourcesBuildPhase;
			buildActionMask = 2147483647;
			files = (
				462C9837281B6F140083D11C /* CartRepository.swift in Sources */,
				468FD96E281F21E1000A7E1A /* CartView.swift in Sources */,
				462C9827281B437E0083D11C /* Book.swift in Sources */,
				462C9830281B53290083D11C /* BookDetail.swift in Sources */,
				462C9846281BA6E80083D11C /* BookDetailGenre.swift in Sources */,
				462C9835281B6E6B0083D11C /* BookRepository.swift in Sources */,
				46ACBDF9281F8DE80032B7F9 /* CartViewModel.swift in Sources */,
				462C983D281B78C30083D11C /* Item.swift in Sources */,
				462C9844281B85D40083D11C /* BookListViewModel.swift in Sources */,
				462C982A281B44FF0083D11C /* BookListView.swift in Sources */,
				462C983F281B7B510083D11C /* ServiceData.swift in Sources */,
				462C983B281B71420083D11C /* CartRepositoryImpl.swift in Sources */,
				46D547F82819F46E006432AC /* BookDetailView.swift in Sources */,
				462C9839281B6FE80083D11C /* Cart.swift in Sources */,
				46D547F62819F46E006432AC /* booksApp.swift in Sources */,
				462C9842281B7DFE0083D11C /* BookRepositoryImpl.swift in Sources */,
				462C9848281BACB70083D11C /* BookDetailViewModel.swift in Sources */,
				462C982C281B462A0083D11C /* BookRow.swift in Sources */,
			);
			runOnlyForDeploymentPostprocessing = 0;
		};
/* End PBXSourcesBuildPhase section */

/* Begin XCBuildConfiguration section */
		46D547FE2819F471006432AC /* Debug */ = {
			isa = XCBuildConfiguration;
			buildSettings = {
				ALWAYS_SEARCH_USER_PATHS = NO;
				CLANG_ANALYZER_NONNULL = YES;
				CLANG_ANALYZER_NUMBER_OBJECT_CONVERSION = YES_AGGRESSIVE;
				CLANG_CXX_LANGUAGE_STANDARD = "gnu++17";
				CLANG_ENABLE_MODULES = YES;
				CLANG_ENABLE_OBJC_ARC = YES;
				CLANG_ENABLE_OBJC_WEAK = YES;
				CLANG_WARN_BLOCK_CAPTURE_AUTORELEASING = YES;
				CLANG_WARN_BOOL_CONVERSION = YES;
				CLANG_WARN_COMMA = YES;
				CLANG_WARN_CONSTANT_CONVERSION = YES;
				CLANG_WARN_DEPRECATED_OBJC_IMPLEMENTATIONS = YES;
				CLANG_WARN_DIRECT_OBJC_ISA_USAGE = YES_ERROR;
				CLANG_WARN_DOCUMENTATION_COMMENTS = YES;
				CLANG_WARN_EMPTY_BODY = YES;
				CLANG_WARN_ENUM_CONVERSION = YES;
				CLANG_WARN_INFINITE_RECURSION = YES;
				CLANG_WARN_INT_CONVERSION = YES;
				CLANG_WARN_NON_LITERAL_NULL_CONVERSION = YES;
				CLANG_WARN_OBJC_IMPLICIT_RETAIN_SELF = YES;
				CLANG_WARN_OBJC_LITERAL_CONVERSION = YES;
				CLANG_WARN_OBJC_ROOT_CLASS = YES_ERROR;
				CLANG_WARN_QUOTED_INCLUDE_IN_FRAMEWORK_HEADER = YES;
				CLANG_WARN_RANGE_LOOP_ANALYSIS = YES;
				CLANG_WARN_STRICT_PROTOTYPES = YES;
				CLANG_WARN_SUSPICIOUS_MOVE = YES;
				CLANG_WARN_UNGUARDED_AVAILABILITY = YES_AGGRESSIVE;
				CLANG_WARN_UNREACHABLE_CODE = YES;
				CLANG_WARN__DUPLICATE_METHOD_MATCH = YES;
				COPY_PHASE_STRIP = NO;
				DEBUG_INFORMATION_FORMAT = dwarf;
				ENABLE_STRICT_OBJC_MSGSEND = YES;
				ENABLE_TESTABILITY = YES;
				GCC_C_LANGUAGE_STANDARD = gnu11;
				GCC_DYNAMIC_NO_PIC = NO;
				GCC_NO_COMMON_BLOCKS = YES;
				GCC_OPTIMIZATION_LEVEL = 0;
				GCC_PREPROCESSOR_DEFINITIONS = (
					"DEBUG=1",
					"$(inherited)",
				);
				GCC_WARN_64_TO_32_BIT_CONVERSION = YES;
				GCC_WARN_ABOUT_RETURN_TYPE = YES_ERROR;
				GCC_WARN_UNDECLARED_SELECTOR = YES;
				GCC_WARN_UNINITIALIZED_AUTOS = YES_AGGRESSIVE;
				GCC_WARN_UNUSED_FUNCTION = YES;
				GCC_WARN_UNUSED_VARIABLE = YES;
				IPHONEOS_DEPLOYMENT_TARGET = 15.4;
				MTL_ENABLE_DEBUG_INFO = INCLUDE_SOURCE;
				MTL_FAST_MATH = YES;
				ONLY_ACTIVE_ARCH = YES;
				SDKROOT = iphoneos;
				SWIFT_ACTIVE_COMPILATION_CONDITIONS = DEBUG;
				SWIFT_OPTIMIZATION_LEVEL = "-Onone";
			};
			name = Debug;
		};
		46D547FF2819F471006432AC /* Release */ = {
			isa = XCBuildConfiguration;
			buildSettings = {
				ALWAYS_SEARCH_USER_PATHS = NO;
				CLANG_ANALYZER_NONNULL = YES;
				CLANG_ANALYZER_NUMBER_OBJECT_CONVERSION = YES_AGGRESSIVE;
				CLANG_CXX_LANGUAGE_STANDARD = "gnu++17";
				CLANG_ENABLE_MODULES = YES;
				CLANG_ENABLE_OBJC_ARC = YES;
				CLANG_ENABLE_OBJC_WEAK = YES;
				CLANG_WARN_BLOCK_CAPTURE_AUTORELEASING = YES;
				CLANG_WARN_BOOL_CONVERSION = YES;
				CLANG_WARN_COMMA = YES;
				CLANG_WARN_CONSTANT_CONVERSION = YES;
				CLANG_WARN_DEPRECATED_OBJC_IMPLEMENTATIONS = YES;
				CLANG_WARN_DIRECT_OBJC_ISA_USAGE = YES_ERROR;
				CLANG_WARN_DOCUMENTATION_COMMENTS = YES;
				CLANG_WARN_EMPTY_BODY = YES;
				CLANG_WARN_ENUM_CONVERSION = YES;
				CLANG_WARN_INFINITE_RECURSION = YES;
				CLANG_WARN_INT_CONVERSION = YES;
				CLANG_WARN_NON_LITERAL_NULL_CONVERSION = YES;
				CLANG_WARN_OBJC_IMPLICIT_RETAIN_SELF = YES;
				CLANG_WARN_OBJC_LITERAL_CONVERSION = YES;
				CLANG_WARN_OBJC_ROOT_CLASS = YES_ERROR;
				CLANG_WARN_QUOTED_INCLUDE_IN_FRAMEWORK_HEADER = YES;
				CLANG_WARN_RANGE_LOOP_ANALYSIS = YES;
				CLANG_WARN_STRICT_PROTOTYPES = YES;
				CLANG_WARN_SUSPICIOUS_MOVE = YES;
				CLANG_WARN_UNGUARDED_AVAILABILITY = YES_AGGRESSIVE;
				CLANG_WARN_UNREACHABLE_CODE = YES;
				CLANG_WARN__DUPLICATE_METHOD_MATCH = YES;
				COPY_PHASE_STRIP = NO;
				DEBUG_INFORMATION_FORMAT = "dwarf-with-dsym";
				ENABLE_NS_ASSERTIONS = NO;
				ENABLE_STRICT_OBJC_MSGSEND = YES;
				GCC_C_LANGUAGE_STANDARD = gnu11;
				GCC_NO_COMMON_BLOCKS = YES;
				GCC_WARN_64_TO_32_BIT_CONVERSION = YES;
				GCC_WARN_ABOUT_RETURN_TYPE = YES_ERROR;
				GCC_WARN_UNDECLARED_SELECTOR = YES;
				GCC_WARN_UNINITIALIZED_AUTOS = YES_AGGRESSIVE;
				GCC_WARN_UNUSED_FUNCTION = YES;
				GCC_WARN_UNUSED_VARIABLE = YES;
				IPHONEOS_DEPLOYMENT_TARGET = 15.4;
				MTL_ENABLE_DEBUG_INFO = NO;
				MTL_FAST_MATH = YES;
				SDKROOT = iphoneos;
				SWIFT_COMPILATION_MODE = wholemodule;
				SWIFT_OPTIMIZATION_LEVEL = "-O";
				VALIDATE_PRODUCT = YES;
			};
			name = Release;
		};
		46D548012819F471006432AC /* Debug */ = {
			isa = XCBuildConfiguration;
			buildSettings = {
				ASSETCATALOG_COMPILER_APPICON_NAME = AppIcon;
				ASSETCATALOG_COMPILER_GLOBAL_ACCENT_COLOR_NAME = AccentColor;
				CODE_SIGN_STYLE = Automatic;
				CURRENT_PROJECT_VERSION = 1;
				DEVELOPMENT_ASSET_PATHS = "\"books/Preview Content\"";
				DEVELOPMENT_TEAM = 93AFC6H4L2;
				ENABLE_PREVIEWS = YES;
				GENERATE_INFOPLIST_FILE = YES;
				INFOPLIST_KEY_UIApplicationSceneManifest_Generation = YES;
				INFOPLIST_KEY_UIApplicationSupportsIndirectInputEvents = YES;
				INFOPLIST_KEY_UILaunchScreen_Generation = YES;
				INFOPLIST_KEY_UISupportedInterfaceOrientations_iPad = "UIInterfaceOrientationPortrait UIInterfaceOrientationPortraitUpsideDown UIInterfaceOrientationLandscapeLeft UIInterfaceOrientationLandscapeRight";
				INFOPLIST_KEY_UISupportedInterfaceOrientations_iPhone = "UIInterfaceOrientationPortrait UIInterfaceOrientationLandscapeLeft UIInterfaceOrientationLandscapeRight";
				LD_RUNPATH_SEARCH_PATHS = (
					"$(inherited)",
					"@executable_path/Frameworks",
				);
				MARKETING_VERSION = 1.0;
				PRODUCT_BUNDLE_IDENTIFIER = com.luishernandez.books;
				PRODUCT_NAME = "$(TARGET_NAME)";
				SWIFT_EMIT_LOC_STRINGS = YES;
				SWIFT_VERSION = 5.0;
				TARGETED_DEVICE_FAMILY = "1,2";
			};
			name = Debug;
		};
		46D548022819F471006432AC /* Release */ = {
			isa = XCBuildConfiguration;
			buildSettings = {
				ASSETCATALOG_COMPILER_APPICON_NAME = AppIcon;
				ASSETCATALOG_COMPILER_GLOBAL_ACCENT_COLOR_NAME = AccentColor;
				CODE_SIGN_STYLE = Automatic;
				CURRENT_PROJECT_VERSION = 1;
				DEVELOPMENT_ASSET_PATHS = "\"books/Preview Content\"";
				DEVELOPMENT_TEAM = 93AFC6H4L2;
				ENABLE_PREVIEWS = YES;
				GENERATE_INFOPLIST_FILE = YES;
				INFOPLIST_KEY_UIApplicationSceneManifest_Generation = YES;
				INFOPLIST_KEY_UIApplicationSupportsIndirectInputEvents = YES;
				INFOPLIST_KEY_UILaunchScreen_Generation = YES;
				INFOPLIST_KEY_UISupportedInterfaceOrientations_iPad = "UIInterfaceOrientationPortrait UIInterfaceOrientationPortraitUpsideDown UIInterfaceOrientationLandscapeLeft UIInterfaceOrientationLandscapeRight";
				INFOPLIST_KEY_UISupportedInterfaceOrientations_iPhone = "UIInterfaceOrientationPortrait UIInterfaceOrientationLandscapeLeft UIInterfaceOrientationLandscapeRight";
				LD_RUNPATH_SEARCH_PATHS = (
					"$(inherited)",
					"@executable_path/Frameworks",
				);
				MARKETING_VERSION = 1.0;
				PRODUCT_BUNDLE_IDENTIFIER = com.luishernandez.books;
				PRODUCT_NAME = "$(TARGET_NAME)";
				SWIFT_EMIT_LOC_STRINGS = YES;
				SWIFT_VERSION = 5.0;
				TARGETED_DEVICE_FAMILY = "1,2";
			};
			name = Release;
		};
/* End XCBuildConfiguration section */

/* Begin XCConfigurationList section */
		46D547ED2819F46E006432AC /* Build configuration list for PBXProject "books" */ = {
			isa = XCConfigurationList;
			buildConfigurations = (
				46D547FE2819F471006432AC /* Debug */,
				46D547FF2819F471006432AC /* Release */,
			);
			defaultConfigurationIsVisible = 0;
			defaultConfigurationName = Release;
		};
		46D548002819F471006432AC /* Build configuration list for PBXNativeTarget "books" */ = {
			isa = XCConfigurationList;
			buildConfigurations = (
				46D548012819F471006432AC /* Debug */,
				46D548022819F471006432AC /* Release */,
			);
			defaultConfigurationIsVisible = 0;
			defaultConfigurationName = Release;
		};
/* End XCConfigurationList section */
	};
	rootObject = 46D547EA2819F46E006432AC /* Project object */;
}
